
Microsoft Visual Studio Solution File, Format Version 12.00
Project("{FAE04EC0-301F-11D3-BF4B-00C04F79EFBC}") = "PsCs", "PsCs\PsCs.csproj", "{F678D3FF-A4E6-4584-BE7E-EDE9F4AEB876}"
EndProject
Project("{FAE04EC0-301F-11D3-BF4B-00C04F79EFBC}") = "PsCs.Disasm", "PsCs.Disasm\PsCs.Disasm.csproj", "{1DE0F844-CC53-48BB-AC00-31653957DDBA}"
EndProject
Project("{FAE04EC0-301F-11D3-BF4B-00C04F79EFBC}") = "PsCs.Hardware", "PsCs.Hardware\PsCs.Hardware.csproj", "{1F65D129-E54A-40C6-9A96-7C70CCE36B2F}"
EndProject
Global
	GlobalSection(SolutionConfigurationPlatforms) = preSolution
		Debug|Any CPU = Debug|Any CPU
		Release|Any CPU = Release|Any CPU
	EndGlobalSection
	GlobalSection(ProjectConfigurationPlatforms) = postSolution
		{F678D3FF-A4E6-4584-BE7E-EDE9F4AEB876}.Debug|Any CPU.ActiveCfg = Debug|Any CPU
		{F678D3FF-A4E6-4584-BE7E-EDE9F4AEB876}.Debug|Any CPU.Build.0 = Debug|Any CPU
		{F678D3FF-A4E6-4584-BE7E-EDE9F4AEB876}.Release|Any CPU.ActiveCfg = Release|Any CPU
		{F678D3FF-A4E6-4584-BE7E-EDE9F4AEB876}.Release|Any CPU.Build.0 = Release|Any CPU
		{1DE0F844-CC53-48BB-AC00-31653957DDBA}.Debug|Any CPU.ActiveCfg = Debug|Any CPU
		{1DE0F844-CC53-48BB-AC00-31653957DDBA}.Debug|Any CPU.Build.0 = Debug|Any CPU
		{1DE0F844-CC53-48BB-AC00-31653957DDBA}.Release|Any CPU.ActiveCfg = Release|Any CPU
		{1DE0F844-CC53-48BB-AC00-31653957DDBA}.Release|Any CPU.Build.0 = Release|Any CPU
		{1F65D129-E54A-40C6-9A96-7C70CCE36B2F}.Debug|Any CPU.ActiveCfg = Debug|Any CPU
		{1F65D129-E54A-40C6-9A96-7C70CCE36B2F}.Debug|Any CPU.Build.0 = Debug|Any CPU
		{1F65D129-E54A-40C6-9A96-7C70CCE36B2F}.Release|Any CPU.ActiveCfg = Release|Any CPU
		{1F65D129-E54A-40C6-9A96-7C70CCE36B2F}.Release|Any CPU.Build.0 = Release|Any CPU
	EndGlobalSection
EndGlobal
